{
  "originHash" : "565db9e1527304c3945d3f5654ac6e1b37b42e3cbf1b285878e18954ad9ac534",
  "pins" : [
    {
      "identity" : "asn1",
      "kind" : "remoteSourceControl",
      "location" : "https://github.com/leif-ibsen/ASN1",
      "state" : {
        "revision" : "e38d1b8b43d8b53ffadde9836f34289176bb7a0c",
        "version" : "2.7.0"
      }
    },
    {
      "identity" : "bigint",
      "kind" : "remoteSourceControl",
      "location" : "https://github.com/leif-ibsen/BigInt",
      "state" : {
        "revision" : "afb70a0038bfbba845271b60fa9a58d5840f8017",
        "version" : "1.21.0"
      }
    },
    {
      "identity" : "digest",
      "kind" : "remoteSourceControl",
      "location" : "https://github.com/leif-ibsen/Digest",
      "state" : {
        "revision" : "1b9858026d5d3cb7b371fb1683ece54a654dfb21",
        "version" : "1.11.0"
      }
    },
    {
      "identity" : "swifteddsa",
      "kind" : "remoteSourceControl",
      "location" : "https://github.com/gossamr/SwiftEdDSA",
      "state" : {
        "revision" : "7ca821b3e1cb7057d4e8630e74e8a1fae05dd1e4",
        "version" : "3.6.2"
      }
    }
  ],
  "version" : 3
}
